
Microsoft Visual Studio Solution File, Format Version 12.00
# Visual Studio Version 16
VisualStudioVersion = 16.0.31424.327
MinimumVisualStudioVersion = 10.0.40219.1
Project("{FAE04EC0-301F-11D3-BF4B-00C04F79EFBC}") = "Employee-wage-computation", "Employee-wage-computation.csproj", "{A1F39A63-0465-4D76-AD8B-5EE3DD9F4DA9}"
EndProject
Global
	GlobalSection(SolutionConfigurationPlatforms) = preSolution
		Debug|Any CPU = Debug|Any CPU
		Release|Any CPU = Release|Any CPU
	EndGlobalSection
	GlobalSection(ProjectConfigurationPlatforms) = postSolution
		{A1F39A63-0465-4D76-AD8B-5EE3DD9F4DA9}.Debug|Any CPU.ActiveCfg = Debug|Any CPU
		{A1F39A63-0465-4D76-AD8B-5EE3DD9F4DA9}.Debug|Any CPU.Build.0 = Debug|Any CPU
		{A1F39A63-0465-4D76-AD8B-5EE3DD9F4DA9}.Release|Any CPU.ActiveCfg = Release|Any CPU
		{A1F39A63-0465-4D76-AD8B-5EE3DD9F4DA9}.Release|Any CPU.Build.0 = Release|Any CPU
	EndGlobalSection
	GlobalSection(SolutionProperties) = preSolution
		HideSolutionNode = FALSE
	EndGlobalSection
	GlobalSection(ExtensibilityGlobals) = postSolution
		SolutionGuid = {9DF8E628-AD65-4363-BB52-E83162E624F8}
	EndGlobalSection
EndGlobal
